
Microsoft Visual Studio Solution File, Format Version 12.00
# Visual Studio Version 17
VisualStudioVersion = 17.11.35219.272
MinimumVisualStudioVersion = 10.0.40219.1
Project("{9A19103F-16F7-4668-BE54-9A1E7A4F7556}") = "Areaa", "Areaa\Areaa.csproj", "{31A39FB8-E053-4ADE-8697-BED53D704771}"
EndProject
Global
	GlobalSection(SolutionConfigurationPlatforms) = preSolution
		Debug|Any CPU = Debug|Any CPU
		Release|Any CPU = Release|Any CPU
	EndGlobalSection
	GlobalSection(ProjectConfigurationPlatforms) = postSolution
		{31A39FB8-E053-4ADE-8697-BED53D704771}.Debug|Any CPU.ActiveCfg = Debug|Any CPU
		{31A39FB8-E053-4ADE-8697-BED53D704771}.Debug|Any CPU.Build.0 = Debug|Any CPU
		{31A39FB8-E053-4ADE-8697-BED53D704771}.Release|Any CPU.ActiveCfg = Release|Any CPU
		{31A39FB8-E053-4ADE-8697-BED53D704771}.Release|Any CPU.Build.0 = Release|Any CPU
	EndGlobalSection
	GlobalSection(SolutionProperties) = preSolution
		HideSolutionNode = FALSE
	EndGlobalSection
	GlobalSection(ExtensibilityGlobals) = postSolution
		SolutionGuid = {B847A148-E037-4EE1-8507-A939B0083902}
	EndGlobalSection
EndGlobal
